// !$*UTF8*$!
{
	archiveVersion = 1;
	classes = {
	};
	objectVersion = 56;
	objects = {

/* Begin PBXBuildFile section */
		5251761B2ACAF1DB00314C91 /* AppDelegate.swift in Sources */ = {isa = PBXBuildFile; fileRef = 5251761A2ACAF1DB00314C91 /* AppDelegate.swift */; };
		5251761D2ACAF1DB00314C91 /* SceneDelegate.swift in Sources */ = {isa = PBXBuildFile; fileRef = 5251761C2ACAF1DB00314C91 /* SceneDelegate.swift */; };
		5251761F2ACAF1DB00314C91 /* ViewController.swift in Sources */ = {isa = PBXBuildFile; fileRef = 5251761E2ACAF1DB00314C91 /* ViewController.swift */; };
		525176222ACAF1DB00314C91 /* Main.storyboard in Resources */ = {isa = PBXBuildFile; fileRef = 525176202ACAF1DB00314C91 /* Main.storyboard */; };
		525176242ACAF1DE00314C91 /* Assets.xcassets in Resources */ = {isa = PBXBuildFile; fileRef = 525176232ACAF1DE00314C91 /* Assets.xcassets */; };
		525176272ACAF1DE00314C91 /* LaunchScreen.storyboard in Resources */ = {isa = PBXBuildFile; fileRef = 525176252ACAF1DE00314C91 /* LaunchScreen.storyboard */; };
		525176322ACAF1DE00314C91 /* SysModelTests.swift in Sources */ = {isa = PBXBuildFile; fileRef = 525176312ACAF1DE00314C91 /* SysModelTests.swift */; };
		5251763C2ACAF1DF00314C91 /* SysModelUITests.swift in Sources */ = {isa = PBXBuildFile; fileRef = 5251763B2ACAF1DF00314C91 /* SysModelUITests.swift */; };
		5251763E2ACAF1DF00314C91 /* SysModelUITestsLaunchTests.swift in Sources */ = {isa = PBXBuildFile; fileRef = 5251763D2ACAF1DF00314C91 /* SysModelUITestsLaunchTests.swift */; };
		5251764B2ACAF36600314C91 /* UIDeviceExt.swift in Sources */ = {isa = PBXBuildFile; fileRef = 5251764A2ACAF36600314C91 /* UIDeviceExt.swift */; };
/* End PBXBuildFile section */

/* Begin PBXContainerItemProxy section */
		5251762E2ACAF1DE00314C91 /* PBXContainerItemProxy */ = {
			isa = PBXContainerItemProxy;
			containerPortal = 5251760F2ACAF1DB00314C91 /* Project object */;
			proxyType = 1;
			remoteGlobalIDString = 525176162ACAF1DB00314C91;
			remoteInfo = SysModel;
		};
		525176382ACAF1DE00314C91 /* PBXContainerItemProxy */ = {
			isa = PBXContainerItemProxy;
			containerPortal = 5251760F2ACAF1DB00314C91 /* Project object */;
			proxyType = 1;
			remoteGlobalIDString = 525176162ACAF1DB00314C91;
			remoteInfo = SysModel;
		};
/* End PBXContainerItemProxy section */

/* Begin PBXFileReference section */
		525176172ACAF1DB00314C91 /* SysModel.app */ = {isa = PBXFileReference; explicitFileType = wrapper.application; includeInIndex = 0; path = SysModel.app; sourceTree = BUILT_PRODUCTS_DIR; };
		5251761A2ACAF1DB00314C91 /* AppDelegate.swift */ = {isa = PBXFileReference; lastKnownFileType = sourcecode.swift; path = AppDelegate.swift; sourceTree = "<group>"; };
		5251761C2ACAF1DB00314C91 /* SceneDelegate.swift */ = {isa = PBXFileReference; lastKnownFileType = sourcecode.swift; path = SceneDelegate.swift; sourceTree = "<group>"; };
		5251761E2ACAF1DB00314C91 /* ViewController.swift */ = {isa = PBXFileReference; lastKnownFileType = sourcecode.swift; path = ViewController.swift; sourceTree = "<group>"; };
		525176212ACAF1DB00314C91 /* Base */ = {isa = PBXFileReference; lastKnownFileType = file.storyboard; name = Base; path = Base.lproj/Main.storyboard; sourceTree = "<group>"; };
		525176232ACAF1DE00314C91 /* Assets.xcassets */ = {isa = PBXFileReference; lastKnownFileType = folder.assetcatalog; path = Assets.xcassets; sourceTree = "<group>"; };
		525176262ACAF1DE00314C91 /* Base */ = {isa = PBXFileReference; lastKnownFileType = file.storyboard; name = Base; path = Base.lproj/LaunchScreen.storyboard; sourceTree = "<group>"; };
		525176282ACAF1DE00314C91 /* Info.plist */ = {isa = PBXFileReference; lastKnownFileType = text.plist.xml; path = Info.plist; sourceTree = "<group>"; };
		5251762D2ACAF1DE00314C91 /* SysModelTests.xctest */ = {isa = PBXFileReference; explicitFileType = wrapper.cfbundle; includeInIndex = 0; path = SysModelTests.xctest; sourceTree = BUILT_PRODUCTS_DIR; };
		525176312ACAF1DE00314C91 /* SysModelTests.swift */ = {isa = PBXFileReference; lastKnownFileType = sourcecode.swift; path = SysModelTests.swift; sourceTree = "<group>"; };
		525176372ACAF1DE00314C91 /* SysModelUITests.xctest */ = {isa = PBXFileReference; explicitFileType = wrapper.cfbundle; includeInIndex = 0; path = SysModelUITests.xctest; sourceTree = BUILT_PRODUCTS_DIR; };
		5251763B2ACAF1DF00314C91 /* SysModelUITests.swift */ = {isa = PBXFileReference; lastKnownFileType = sourcecode.swift; path = SysModelUITests.swift; sourceTree = "<group>"; };
		5251763D2ACAF1DF00314C91 /* SysModelUITestsLaunchTests.swift */ = {isa = PBXFileReference; lastKnownFileType = sourcecode.swift; path = SysModelUITestsLaunchTests.swift; sourceTree = "<group>"; };
		5251764A2ACAF36600314C91 /* UIDeviceExt.swift */ = {isa = PBXFileReference; lastKnownFileType = sourcecode.swift; path = UIDeviceExt.swift; sourceTree = "<group>"; };
/* End PBXFileReference section */

/* Begin PBXFrameworksBuildPhase section */
		525176142ACAF1DB00314C91 /* Frameworks */ = {
			isa = PBXFrameworksBuildPhase;
			buildActionMask = 2147483647;
			files = (
			);
			runOnlyForDeploymentPostprocessing = 0;
		};
		5251762A2ACAF1DE00314C91 /* Frameworks */ = {
			isa = PBXFrameworksBuildPhase;
			buildActionMask = 2147483647;
			files = (
			);
			runOnlyForDeploymentPostprocessing = 0;
		};
		525176342ACAF1DE00314C91 /* Frameworks */ = {
			isa = PBXFrameworksBuildPhase;
			buildActionMask = 2147483647;
			files = (
			);
			runOnlyForDeploymentPostprocessing = 0;
		};
/* End PBXFrameworksBuildPhase section */

/* Begin PBXGroup section */
		5251760E2ACAF1DB00314C91 = {
			isa = PBXGroup;
			children = (
				525176192ACAF1DB00314C91 /* SysModel */,
				525176302ACAF1DE00314C91 /* SysModelTests */,
				5251763A2ACAF1DF00314C91 /* SysModelUITests */,
				525176182ACAF1DB00314C91 /* Products */,
			);
			sourceTree = "<group>";
		};
		525176182ACAF1DB00314C91 /* Products */ = {
			isa = PBXGroup;
			children = (
				525176172ACAF1DB00314C91 /* SysModel.app */,
				5251762D2ACAF1DE00314C91 /* SysModelTests.xctest */,
				525176372ACAF1DE00314C91 /* SysModelUITests.xctest */,
			);
			name = Products;
			sourceTree = "<group>";
		};
		525176192ACAF1DB00314C91 /* SysModel */ = {
			isa = PBXGroup;
			children = (
				5251761A2ACAF1DB00314C91 /* AppDelegate.swift */,
				5251761C2ACAF1DB00314C91 /* SceneDelegate.swift */,
				5251761E2ACAF1DB00314C91 /* ViewController.swift */,
				5251764A2ACAF36600314C91 /* UIDeviceExt.swift */,
				525176202ACAF1DB00314C91 /* Main.storyboard */,
				525176232ACAF1DE00314C91 /* Assets.xcassets */,
				525176252ACAF1DE00314C91 /* LaunchScreen.storyboard */,
				525176282ACAF1DE00314C91 /* Info.plist */,
			);
			path = SysModel;
			sourceTree = "<group>";
		};
		525176302ACAF1DE00314C91 /* SysModelTests */ = {
			isa = PBXGroup;
			children = (
				525176312ACAF1DE00314C91 /* SysModelTests.swift */,
			);
			path = SysModelTests;
			sourceTree = "<group>";
		};
		5251763A2ACAF1DF00314C91 /* SysModelUITests */ = {
			isa = PBXGroup;
			children = (
				5251763B2ACAF1DF00314C91 /* SysModelUITests.swift */,
				5251763D2ACAF1DF00314C91 /* SysModelUITestsLaunchTests.swift */,
			);
			path = SysModelUITests;
			sourceTree = "<group>";
		};
/* End PBXGroup section */

/* Begin PBXNativeTarget section */
		525176162ACAF1DB00314C91 /* SysModel */ = {
			isa = PBXNativeTarget;
			buildConfigurationList = 525176412ACAF1DF00314C91 /* Build configuration list for PBXNativeTarget "SysModel" */;
			buildPhases = (
				525176132ACAF1DB00314C91 /* Sources */,
				525176142ACAF1DB00314C91 /* Frameworks */,
				525176152ACAF1DB00314C91 /* Resources */,
			);
			buildRules = (
			);
			dependencies = (
			);
			name = SysModel;
			productName = SysModel;
			productReference = 525176172ACAF1DB00314C91 /* SysModel.app */;
			productType = "com.apple.product-type.application";
		};
		5251762C2ACAF1DE00314C91 /* SysModelTests */ = {
			isa = PBXNativeTarget;
			buildConfigurationList = 525176442ACAF1DF00314C91 /* Build configuration list for PBXNativeTarget "SysModelTests" */;
			buildPhases = (
				525176292ACAF1DE00314C91 /* Sources */,
				5251762A2ACAF1DE00314C91 /* Frameworks */,
				5251762B2ACAF1DE00314C91 /* Resources */,
			);
			buildRules = (
			);
			dependencies = (
				5251762F2ACAF1DE00314C91 /* PBXTargetDependency */,
			);
			name = SysModelTests;
			productName = SysModelTests;
			productReference = 5251762D2ACAF1DE00314C91 /* SysModelTests.xctest */;
			productType = "com.apple.product-type.bundle.unit-test";
		};
		525176362ACAF1DE00314C91 /* SysModelUITests */ = {
			isa = PBXNativeTarget;
			buildConfigurationList = 525176472ACAF1DF00314C91 /* Build configuration list for PBXNativeTarget "SysModelUITests" */;
			buildPhases = (
				525176332ACAF1DE00314C91 /* Sources */,
				525176342ACAF1DE00314C91 /* Frameworks */,
				525176352ACAF1DE00314C91 /* Resources */,
			);
			buildRules = (
			);
			dependencies = (
				525176392ACAF1DE00314C91 /* PBXTargetDependency */,
			);
			name = SysModelUITests;
			productName = SysModelUITests;
			productReference = 525176372ACAF1DE00314C91 /* SysModelUITests.xctest */;
			productType = "com.apple.product-type.bundle.ui-testing";
		};
/* End PBXNativeTarget section */

/* Begin PBXProject section */
		5251760F2ACAF1DB00314C91 /* Project object */ = {
			isa = PBXProject;
			attributes = {
				BuildIndependentTargetsInParallel = 1;
				LastSwiftUpdateCheck = 1430;
				LastUpgradeCheck = 1430;
				TargetAttributes = {
					525176162ACAF1DB00314C91 = {
						CreatedOnToolsVersion = 14.3;
					};
					5251762C2ACAF1DE00314C91 = {
						CreatedOnToolsVersion = 14.3;
						TestTargetID = 525176162ACAF1DB00314C91;
					};
					525176362ACAF1DE00314C91 = {
						CreatedOnToolsVersion = 14.3;
						TestTargetID = 525176162ACAF1DB00314C91;
					};
				};
			};
			buildConfigurationList = 525176122ACAF1DB00314C91 /* Build configuration list for PBXProject "SysModel" */;
			compatibilityVersion = "Xcode 14.0";
			developmentRegion = en;
			hasScannedForEncodings = 0;
			knownRegions = (
				en,
				Base,
			);
			mainGroup = 5251760E2ACAF1DB00314C91;
			productRefGroup = 525176182ACAF1DB00314C91 /* Products */;
			projectDirPath = "";
			projectRoot = "";
			targets = (
				525176162ACAF1DB00314C91 /* SysModel */,
				5251762C2ACAF1DE00314C91 /* SysModelTests */,
				525176362ACAF1DE00314C91 /* SysModelUITests */,
			);
		};
/* End PBXProject section */

/* Begin PBXResourcesBuildPhase section */
		525176152ACAF1DB00314C91 /* Resources */ = {
			isa = PBXResourcesBuildPhase;
			buildActionMask = 2147483647;
			files = (
				525176272ACAF1DE00314C91 /* LaunchScreen.storyboard in Resources */,
				525176242ACAF1DE00314C91 /* Assets.xcassets in Resources */,
				525176222ACAF1DB00314C91 /* Main.storyboard in Resources */,
			);
			runOnlyForDeploymentPostprocessing = 0;
		};
		5251762B2ACAF1DE00314C91 /* Resources */ = {
			isa = PBXResourcesBuildPhase;
			buildActionMask = 2147483647;
			files = (
			);
			runOnlyForDeploymentPostprocessing = 0;
		};
		525176352ACAF1DE00314C91 /* Resources */ = {
			isa = PBXResourcesBuildPhase;
			buildActionMask = 2147483647;
			files = (
			);
			runOnlyForDeploymentPostprocessing = 0;
		};
/* End PBXResourcesBuildPhase section */

/* Begin PBXSourcesBuildPhase section */
		525176132ACAF1DB00314C91 /* Sources */ = {
			isa = PBXSourcesBuildPhase;
			buildActionMask = 2147483647;
			files = (
				5251761F2ACAF1DB00314C91 /* ViewController.swift in Sources */,
				5251761B2ACAF1DB00314C91 /* AppDelegate.swift in Sources */,
				5251761D2ACAF1DB00314C91 /* SceneDelegate.swift in Sources */,
				5251764B2ACAF36600314C91 /* UIDeviceExt.swift in Sources */,
			);
			runOnlyForDeploymentPostprocessing = 0;
		};
		525176292ACAF1DE00314C91 /* Sources */ = {
			isa = PBXSourcesBuildPhase;
			buildActionMask = 2147483647;
			files = (
				525176322ACAF1DE00314C91 /* SysModelTests.swift in Sources */,
			);
			runOnlyForDeploymentPostprocessing = 0;
		};
		525176332ACAF1DE00314C91 /* Sources */ = {
			isa = PBXSourcesBuildPhase;
			buildActionMask = 2147483647;
			files = (
				5251763E2ACAF1DF00314C91 /* SysModelUITestsLaunchTests.swift in Sources */,
				5251763C2ACAF1DF00314C91 /* SysModelUITests.swift in Sources */,
			);
			runOnlyForDeploymentPostprocessing = 0;
		};
/* End PBXSourcesBuildPhase section */

/* Begin PBXTargetDependency section */
		5251762F2ACAF1DE00314C91 /* PBXTargetDependency */ = {
			isa = PBXTargetDependency;
			target = 525176162ACAF1DB00314C91 /* SysModel */;
			targetProxy = 5251762E2ACAF1DE00314C91 /* PBXContainerItemProxy */;
		};
		525176392ACAF1DE00314C91 /* PBXTargetDependency */ = {
			isa = PBXTargetDependency;
			target = 525176162ACAF1DB00314C91 /* SysModel */;
			targetProxy = 525176382ACAF1DE00314C91 /* PBXContainerItemProxy */;
		};
/* End PBXTargetDependency section */

/* Begin PBXVariantGroup section */
		525176202ACAF1DB00314C91 /* Main.storyboard */ = {
			isa = PBXVariantGroup;
			children = (
				525176212ACAF1DB00314C91 /* Base */,
			);
			name = Main.storyboard;
			sourceTree = "<group>";
		};
		525176252ACAF1DE00314C91 /* LaunchScreen.storyboard */ = {
			isa = PBXVariantGroup;
			children = (
				525176262ACAF1DE00314C91 /* Base */,
			);
			name = LaunchScreen.storyboard;
			sourceTree = "<group>";
		};
/* End PBXVariantGroup section */

/* Begin XCBuildConfiguration section */
		5251763F2ACAF1DF00314C91 /* Debug */ = {
			isa = XCBuildConfiguration;
			buildSettings = {
				ALWAYS_SEARCH_USER_PATHS = NO;
				CLANG_ANALYZER_NONNULL = YES;
				CLANG_ANALYZER_NUMBER_OBJECT_CONVERSION = YES_AGGRESSIVE;
				CLANG_CXX_LANGUAGE_STANDARD = "gnu++20";
				CLANG_ENABLE_MODULES = YES;
				CLANG_ENABLE_OBJC_ARC = YES;
				CLANG_ENABLE_OBJC_WEAK = YES;
				CLANG_WARN_BLOCK_CAPTURE_AUTORELEASING = YES;
				CLANG_WARN_BOOL_CONVERSION = YES;
				CLANG_WARN_COMMA = YES;
				CLANG_WARN_CONSTANT_CONVERSION = YES;
				CLANG_WARN_DEPRECATED_OBJC_IMPLEMENTATIONS = YES;
				CLANG_WARN_DIRECT_OBJC_ISA_USAGE = YES_ERROR;
				CLANG_WARN_DOCUMENTATION_COMMENTS = YES;
				CLANG_WARN_EMPTY_BODY = YES;
				CLANG_WARN_ENUM_CONVERSION = YES;
				CLANG_WARN_INFINITE_RECURSION = YES;
				CLANG_WARN_INT_CONVERSION = YES;
				CLANG_WARN_NON_LITERAL_NULL_CONVERSION = YES;
				CLANG_WARN_OBJC_IMPLICIT_RETAIN_SELF = YES;
				CLANG_WARN_OBJC_LITERAL_CONVERSION = YES;
				CLANG_WARN_OBJC_ROOT_CLASS = YES_ERROR;
				CLANG_WARN_QUOTED_INCLUDE_IN_FRAMEWORK_HEADER = YES;
				CLANG_WARN_RANGE_LOOP_ANALYSIS = YES;
				CLANG_WARN_STRICT_PROTOTYPES = YES;
				CLANG_WARN_SUSPICIOUS_MOVE = YES;
				CLANG_WARN_UNGUARDED_AVAILABILITY = YES_AGGRESSIVE;
				CLANG_WARN_UNREACHABLE_CODE = YES;
				CLANG_WARN__DUPLICATE_METHOD_MATCH = YES;
				COPY_PHASE_STRIP = NO;
				DEBUG_INFORMATION_FORMAT = dwarf;
				ENABLE_STRICT_OBJC_MSGSEND = YES;
				ENABLE_TESTABILITY = YES;
				GCC_C_LANGUAGE_STANDARD = gnu11;
				GCC_DYNAMIC_NO_PIC = NO;
				GCC_NO_COMMON_BLOCKS = YES;
				GCC_OPTIMIZATION_LEVEL = 0;
				GCC_PREPROCESSOR_DEFINITIONS = (
					"DEBUG=1",
					"$(inherited)",
				);
				GCC_WARN_64_TO_32_BIT_CONVERSION = YES;
				GCC_WARN_ABOUT_RETURN_TYPE = YES_ERROR;
				GCC_WARN_UNDECLARED_SELECTOR = YES;
				GCC_WARN_UNINITIALIZED_AUTOS = YES_AGGRESSIVE;
				GCC_WARN_UNUSED_FUNCTION = YES;
				GCC_WARN_UNUSED_VARIABLE = YES;
				IPHONEOS_DEPLOYMENT_TARGET = 16.4;
				MTL_ENABLE_DEBUG_INFO = INCLUDE_SOURCE;
				MTL_FAST_MATH = YES;
				ONLY_ACTIVE_ARCH = YES;
				SDKROOT = iphoneos;
				SWIFT_ACTIVE_COMPILATION_CONDITIONS = DEBUG;
				SWIFT_OPTIMIZATION_LEVEL = "-Onone";
			};
			name = Debug;
		};
		525176402ACAF1DF00314C91 /* Release */ = {
			isa = XCBuildConfiguration;
			buildSettings = {
				ALWAYS_SEARCH_USER_PATHS = NO;
				CLANG_ANALYZER_NONNULL = YES;
				CLANG_ANALYZER_NUMBER_OBJECT_CONVERSION = YES_AGGRESSIVE;
				CLANG_CXX_LANGUAGE_STANDARD = "gnu++20";
				CLANG_ENABLE_MODULES = YES;
				CLANG_ENABLE_OBJC_ARC = YES;
				CLANG_ENABLE_OBJC_WEAK = YES;
				CLANG_WARN_BLOCK_CAPTURE_AUTORELEASING = YES;
				CLANG_WARN_BOOL_CONVERSION = YES;
				CLANG_WARN_COMMA = YES;
				CLANG_WARN_CONSTANT_CONVERSION = YES;
				CLANG_WARN_DEPRECATED_OBJC_IMPLEMENTATIONS = YES;
				CLANG_WARN_DIRECT_OBJC_ISA_USAGE = YES_ERROR;
				CLANG_WARN_DOCUMENTATION_COMMENTS = YES;
				CLANG_WARN_EMPTY_BODY = YES;
				CLANG_WARN_ENUM_CONVERSION = YES;
				CLANG_WARN_INFINITE_RECURSION = YES;
				CLANG_WARN_INT_CONVERSION = YES;
				CLANG_WARN_NON_LITERAL_NULL_CONVERSION = YES;
				CLANG_WARN_OBJC_IMPLICIT_RETAIN_SELF = YES;
				CLANG_WARN_OBJC_LITERAL_CONVERSION = YES;
				CLANG_WARN_OBJC_ROOT_CLASS = YES_ERROR;
				CLANG_WARN_QUOTED_INCLUDE_IN_FRAMEWORK_HEADER = YES;
				CLANG_WARN_RANGE_LOOP_ANALYSIS = YES;
				CLANG_WARN_STRICT_PROTOTYPES = YES;
				CLANG_WARN_SUSPICIOUS_MOVE = YES;
				CLANG_WARN_UNGUARDED_AVAILABILITY = YES_AGGRESSIVE;
				CLANG_WARN_UNREACHABLE_CODE = YES;
				CLANG_WARN__DUPLICATE_METHOD_MATCH = YES;
				COPY_PHASE_STRIP = NO;
				DEBUG_INFORMATION_FORMAT = "dwarf-with-dsym";
				ENABLE_NS_ASSERTIONS = NO;
				ENABLE_STRICT_OBJC_MSGSEND = YES;
				GCC_C_LANGUAGE_STANDARD = gnu11;
				GCC_NO_COMMON_BLOCKS = YES;
				GCC_WARN_64_TO_32_BIT_CONVERSION = YES;
				GCC_WARN_ABOUT_RETURN_TYPE = YES_ERROR;
				GCC_WARN_UNDECLARED_SELECTOR = YES;
				GCC_WARN_UNINITIALIZED_AUTOS = YES_AGGRESSIVE;
				GCC_WARN_UNUSED_FUNCTION = YES;
				GCC_WARN_UNUSED_VARIABLE = YES;
				IPHONEOS_DEPLOYMENT_TARGET = 16.4;
				MTL_ENABLE_DEBUG_INFO = NO;
				MTL_FAST_MATH = YES;
				SDKROOT = iphoneos;
				SWIFT_COMPILATION_MODE = wholemodule;
				SWIFT_OPTIMIZATION_LEVEL = "-O";
				VALIDATE_PRODUCT = YES;
			};
			name = Release;
		};
		525176422ACAF1DF00314C91 /* Debug */ = {
			isa = XCBuildConfiguration;
			buildSettings = {
				ASSETCATALOG_COMPILER_APPICON_NAME = AppIcon;
				ASSETCATALOG_COMPILER_GLOBAL_ACCENT_COLOR_NAME = AccentColor;
				CODE_SIGN_STYLE = Automatic;
				CURRENT_PROJECT_VERSION = 1;
				GENERATE_INFOPLIST_FILE = YES;
				INFOPLIST_FILE = SysModel/Info.plist;
				INFOPLIST_KEY_UIApplicationSupportsIndirectInputEvents = YES;
				INFOPLIST_KEY_UILaunchStoryboardName = LaunchScreen;
				INFOPLIST_KEY_UIMainStoryboardFile = Main;
				INFOPLIST_KEY_UISupportedInterfaceOrientations_iPad = "UIInterfaceOrientationPortrait UIInterfaceOrientationPortraitUpsideDown UIInterfaceOrientationLandscapeLeft UIInterfaceOrientationLandscapeRight";
				INFOPLIST_KEY_UISupportedInterfaceOrientations_iPhone = "UIInterfaceOrientationPortrait UIInterfaceOrientationLandscapeLeft UIInterfaceOrientationLandscapeRight";
				LD_RUNPATH_SEARCH_PATHS = (
					"$(inherited)",
					"@executable_path/Frameworks",
				);
				MARKETING_VERSION = 1.0;
				PRODUCT_BUNDLE_IDENTIFIER = com.study.sysModel.SysModel;
				PRODUCT_NAME = "$(TARGET_NAME)";
				SWIFT_EMIT_LOC_STRINGS = YES;
				SWIFT_VERSION = 5.0;
				TARGETED_DEVICE_FAMILY = "1,2";
			};
			name = Debug;
		};
		525176432ACAF1DF00314C91 /* Release */ = {
			isa = XCBuildConfiguration;
			buildSettings = {
				ASSETCATALOG_COMPILER_APPICON_NAME = AppIcon;
				ASSETCATALOG_COMPILER_GLOBAL_ACCENT_COLOR_NAME = AccentColor;
				CODE_SIGN_STYLE = Automatic;
				CURRENT_PROJECT_VERSION = 1;
				GENERATE_INFOPLIST_FILE = YES;
				INFOPLIST_FILE = SysModel/Info.plist;
				INFOPLIST_KEY_UIApplicationSupportsIndirectInputEvents = YES;
				INFOPLIST_KEY_UILaunchStoryboardName = LaunchScreen;
				INFOPLIST_KEY_UIMainStoryboardFile = Main;
				INFOPLIST_KEY_UISupportedInterfaceOrientations_iPad = "UIInterfaceOrientationPortrait UIInterfaceOrientationPortraitUpsideDown UIInterfaceOrientationLandscapeLeft UIInterfaceOrientationLandscapeRight";
				INFOPLIST_KEY_UISupportedInterfaceOrientations_iPhone = "UIInterfaceOrientationPortrait UIInterfaceOrientationLandscapeLeft UIInterfaceOrientationLandscapeRight";
				LD_RUNPATH_SEARCH_PATHS = (
					"$(inherited)",
					"@executable_path/Frameworks",
				);
				MARKETING_VERSION = 1.0;
				PRODUCT_BUNDLE_IDENTIFIER = com.study.sysModel.SysModel;
				PRODUCT_NAME = "$(TARGET_NAME)";
				SWIFT_EMIT_LOC_STRINGS = YES;
				SWIFT_VERSION = 5.0;
				TARGETED_DEVICE_FAMILY = "1,2";
			};
			name = Release;
		};
		525176452ACAF1DF00314C91 /* Debug */ = {
			isa = XCBuildConfiguration;
			buildSettings = {
				ALWAYS_EMBED_SWIFT_STANDARD_LIBRARIES = YES;
				BUNDLE_LOADER = "$(TEST_HOST)";
				CODE_SIGN_STYLE = Automatic;
				CURRENT_PROJECT_VERSION = 1;
				GENERATE_INFOPLIST_FILE = YES;
				IPHONEOS_DEPLOYMENT_TARGET = 16.4;
				MARKETING_VERSION = 1.0;
				PRODUCT_BUNDLE_IDENTIFIER = com.study.sysModel.SysModelTests;
				PRODUCT_NAME = "$(TARGET_NAME)";
				SWIFT_EMIT_LOC_STRINGS = NO;
				SWIFT_VERSION = 5.0;
				TARGETED_DEVICE_FAMILY = "1,2";
				TEST_HOST = "$(BUILT_PRODUCTS_DIR)/SysModel.app/$(BUNDLE_EXECUTABLE_FOLDER_PATH)/SysModel";
			};
			name = Debug;
		};
		525176462ACAF1DF00314C91 /* Release */ = {
			isa = XCBuildConfiguration;
			buildSettings = {
				ALWAYS_EMBED_SWIFT_STANDARD_LIBRARIES = YES;
				BUNDLE_LOADER = "$(TEST_HOST)";
				CODE_SIGN_STYLE = Automatic;
				CURRENT_PROJECT_VERSION = 1;
				GENERATE_INFOPLIST_FILE = YES;
				IPHONEOS_DEPLOYMENT_TARGET = 16.4;
				MARKETING_VERSION = 1.0;
				PRODUCT_BUNDLE_IDENTIFIER = com.study.sysModel.SysModelTests;
				PRODUCT_NAME = "$(TARGET_NAME)";
				SWIFT_EMIT_LOC_STRINGS = NO;
				SWIFT_VERSION = 5.0;
				TARGETED_DEVICE_FAMILY = "1,2";
				TEST_HOST = "$(BUILT_PRODUCTS_DIR)/SysModel.app/$(BUNDLE_EXECUTABLE_FOLDER_PATH)/SysModel";
			};
			name = Release;
		};
		525176482ACAF1DF00314C91 /* Debug */ = {
			isa = XCBuildConfiguration;
			buildSettings = {
				ALWAYS_EMBED_SWIFT_STANDARD_LIBRARIES = YES;
				CODE_SIGN_STYLE = Automatic;
				CURRENT_PROJECT_VERSION = 1;
				GENERATE_INFOPLIST_FILE = YES;
				MARKETING_VERSION = 1.0;
				PRODUCT_BUNDLE_IDENTIFIER = com.study.sysModel.SysModelUITests;
				PRODUCT_NAME = "$(TARGET_NAME)";
				SWIFT_EMIT_LOC_STRINGS = NO;
				SWIFT_VERSION = 5.0;
				TARGETED_DEVICE_FAMILY = "1,2";
				TEST_TARGET_NAME = SysModel;
			};
			name = Debug;
		};
		525176492ACAF1DF00314C91 /* Release */ = {
			isa = XCBuildConfiguration;
			buildSettings = {
				ALWAYS_EMBED_SWIFT_STANDARD_LIBRARIES = YES;
				CODE_SIGN_STYLE = Automatic;
				CURRENT_PROJECT_VERSION = 1;
				GENERATE_INFOPLIST_FILE = YES;
				MARKETING_VERSION = 1.0;
				PRODUCT_BUNDLE_IDENTIFIER = com.study.sysModel.SysModelUITests;
				PRODUCT_NAME = "$(TARGET_NAME)";
				SWIFT_EMIT_LOC_STRINGS = NO;
				SWIFT_VERSION = 5.0;
				TARGETED_DEVICE_FAMILY = "1,2";
				TEST_TARGET_NAME = SysModel;
			};
			name = Release;
		};
/* End XCBuildConfiguration section */

/* Begin XCConfigurationList section */
		525176122ACAF1DB00314C91 /* Build configuration list for PBXProject "SysModel" */ = {
			isa = XCConfigurationList;
			buildConfigurations = (
				5251763F2ACAF1DF00314C91 /* Debug */,
				525176402ACAF1DF00314C91 /* Release */,
			);
			defaultConfigurationIsVisible = 0;
			defaultConfigurationName = Release;
		};
		525176412ACAF1DF00314C91 /* Build configuration list for PBXNativeTarget "SysModel" */ = {
			isa = XCConfigurationList;
			buildConfigurations = (
				525176422ACAF1DF00314C91 /* Debug */,
				525176432ACAF1DF00314C91 /* Release */,
			);
			defaultConfigurationIsVisible = 0;
			defaultConfigurationName = Release;
		};
		525176442ACAF1DF00314C91 /* Build configuration list for PBXNativeTarget "SysModelTests" */ = {
			isa = XCConfigurationList;
			buildConfigurations = (
				525176452ACAF1DF00314C91 /* Debug */,
				525176462ACAF1DF00314C91 /* Release */,
			);
			defaultConfigurationIsVisible = 0;
			defaultConfigurationName = Release;
		};
		525176472ACAF1DF00314C91 /* Build configuration list for PBXNativeTarget "SysModelUITests" */ = {
			isa = XCConfigurationList;
			buildConfigurations = (
				525176482ACAF1DF00314C91 /* Debug */,
				525176492ACAF1DF00314C91 /* Release */,
			);
			defaultConfigurationIsVisible = 0;
			defaultConfigurationName = Release;
		};
/* End XCConfigurationList section */
	};
	rootObject = 5251760F2ACAF1DB00314C91 /* Project object */;
}
